
Microsoft Visual Studio Solution File, Format Version 12.00
# Visual Studio Version 16
Project("{8BC9CEB8-8B4A-11D0-8D11-00A0C91BC942}") = "ALL_BUILD", "ALL_BUILD.vcxproj", "{1C99720E-DE6C-3214-8517-756F47BAFE66}"
	ProjectSection(ProjectDependencies) = postProject
		{FA1E55AC-75C9-3FA5-85EF-DC4767C3F0CC} = {FA1E55AC-75C9-3FA5-85EF-DC4767C3F0CC}
		{8A21E2B2-EE78-3603-B5E3-1F55056FC692} = {8A21E2B2-EE78-3603-B5E3-1F55056FC692}
		{A550BCD1-1EA9-311F-87CA-DD08B9EA37A8} = {A550BCD1-1EA9-311F-87CA-DD08B9EA37A8}
		{8AB129D3-7660-3FB3-BFB7-9B078E8C40F9} = {8AB129D3-7660-3FB3-BFB7-9B078E8C40F9}
		{0B82DE55-F4CF-32D6-8370-769B36F9CF19} = {0B82DE55-F4CF-32D6-8370-769B36F9CF19}
		{6D18468B-0C51-32BE-88D3-A76AB65B60BC} = {6D18468B-0C51-32BE-88D3-A76AB65B60BC}
	EndProjectSection
EndProject
Project("{8BC9CEB8-8B4A-11D0-8D11-00A0C91BC942}") = "INSTALL", "INSTALL.vcxproj", "{36C2B6A3-B6A9-31EC-AC33-3E69ADB2247D}"
	ProjectSection(ProjectDependencies) = postProject
		{1C99720E-DE6C-3214-8517-756F47BAFE66} = {1C99720E-DE6C-3214-8517-756F47BAFE66}
		{FA1E55AC-75C9-3FA5-85EF-DC4767C3F0CC} = {FA1E55AC-75C9-3FA5-85EF-DC4767C3F0CC}
	EndProjectSection
EndProject
Project("{8BC9CEB8-8B4A-11D0-8D11-00A0C91BC942}") = "RUN_TESTS", "RUN_TESTS.vcxproj", "{B2413FE1-C01D-3B1A-9F78-8D02E95BFD1F}"
	ProjectSection(ProjectDependencies) = postProject
		{FA1E55AC-75C9-3FA5-85EF-DC4767C3F0CC} = {FA1E55AC-75C9-3FA5-85EF-DC4767C3F0CC}
	EndProjectSection
EndProject
Project("{8BC9CEB8-8B4A-11D0-8D11-00A0C91BC942}") = "ZERO_CHECK", "ZERO_CHECK.vcxproj", "{FA1E55AC-75C9-3FA5-85EF-DC4767C3F0CC}"
	ProjectSection(ProjectDependencies) = postProject
	EndProjectSection
EndProject
Project("{8BC9CEB8-8B4A-11D0-8D11-00A0C91BC942}") = "gmock", "_deps\gtest-build\googlemock\gmock.vcxproj", "{8A21E2B2-EE78-3603-B5E3-1F55056FC692}"
	ProjectSection(ProjectDependencies) = postProject
		{FA1E55AC-75C9-3FA5-85EF-DC4767C3F0CC} = {FA1E55AC-75C9-3FA5-85EF-DC4767C3F0CC}
	EndProjectSection
EndProject
Project("{8BC9CEB8-8B4A-11D0-8D11-00A0C91BC942}") = "gmock_main", "_deps\gtest-build\googlemock\gmock_main.vcxproj", "{A550BCD1-1EA9-311F-87CA-DD08B9EA37A8}"
	ProjectSection(ProjectDependencies) = postProject
		{FA1E55AC-75C9-3FA5-85EF-DC4767C3F0CC} = {FA1E55AC-75C9-3FA5-85EF-DC4767C3F0CC}
	EndProjectSection
EndProject
Project("{8BC9CEB8-8B4A-11D0-8D11-00A0C91BC942}") = "gtest", "_deps\gtest-build\googletest\gtest.vcxproj", "{8AB129D3-7660-3FB3-BFB7-9B078E8C40F9}"
	ProjectSection(ProjectDependencies) = postProject
		{FA1E55AC-75C9-3FA5-85EF-DC4767C3F0CC} = {FA1E55AC-75C9-3FA5-85EF-DC4767C3F0CC}
	EndProjectSection
EndProject
Project("{8BC9CEB8-8B4A-11D0-8D11-00A0C91BC942}") = "gtest_main", "_deps\gtest-build\googletest\gtest_main.vcxproj", "{0B82DE55-F4CF-32D6-8370-769B36F9CF19}"
	ProjectSection(ProjectDependencies) = postProject
		{FA1E55AC-75C9-3FA5-85EF-DC4767C3F0CC} = {FA1E55AC-75C9-3FA5-85EF-DC4767C3F0CC}
		{8AB129D3-7660-3FB3-BFB7-9B078E8C40F9} = {8AB129D3-7660-3FB3-BFB7-9B078E8C40F9}
	EndProjectSection
EndProject
Project("{8BC9CEB8-8B4A-11D0-8D11-00A0C91BC942}") = "lab2", "lab2.vcxproj", "{6D18468B-0C51-32BE-88D3-A76AB65B60BC}"
	ProjectSection(ProjectDependencies) = postProject
		{FA1E55AC-75C9-3FA5-85EF-DC4767C3F0CC} = {FA1E55AC-75C9-3FA5-85EF-DC4767C3F0CC}
		{8AB129D3-7660-3FB3-BFB7-9B078E8C40F9} = {8AB129D3-7660-3FB3-BFB7-9B078E8C40F9}
		{0B82DE55-F4CF-32D6-8370-769B36F9CF19} = {0B82DE55-F4CF-32D6-8370-769B36F9CF19}
	EndProjectSection
EndProject
Global
	GlobalSection(SolutionConfigurationPlatforms) = preSolution
		Debug|x64 = Debug|x64
		Release|x64 = Release|x64
		MinSizeRel|x64 = MinSizeRel|x64
		RelWithDebInfo|x64 = RelWithDebInfo|x64
	EndGlobalSection
	GlobalSection(ProjectConfigurationPlatforms) = postSolution
		{1C99720E-DE6C-3214-8517-756F47BAFE66}.Debug|x64.ActiveCfg = Debug|x64
		{1C99720E-DE6C-3214-8517-756F47BAFE66}.Debug|x64.Build.0 = Debug|x64
		{1C99720E-DE6C-3214-8517-756F47BAFE66}.Release|x64.ActiveCfg = Release|x64
		{1C99720E-DE6C-3214-8517-756F47BAFE66}.Release|x64.Build.0 = Release|x64
		{1C99720E-DE6C-3214-8517-756F47BAFE66}.MinSizeRel|x64.ActiveCfg = MinSizeRel|x64
		{1C99720E-DE6C-3214-8517-756F47BAFE66}.MinSizeRel|x64.Build.0 = MinSizeRel|x64
		{1C99720E-DE6C-3214-8517-756F47BAFE66}.RelWithDebInfo|x64.ActiveCfg = RelWithDebInfo|x64
		{1C99720E-DE6C-3214-8517-756F47BAFE66}.RelWithDebInfo|x64.Build.0 = RelWithDebInfo|x64
		{36C2B6A3-B6A9-31EC-AC33-3E69ADB2247D}.Debug|x64.ActiveCfg = Debug|x64
		{36C2B6A3-B6A9-31EC-AC33-3E69ADB2247D}.Release|x64.ActiveCfg = Release|x64
		{36C2B6A3-B6A9-31EC-AC33-3E69ADB2247D}.MinSizeRel|x64.ActiveCfg = MinSizeRel|x64
		{36C2B6A3-B6A9-31EC-AC33-3E69ADB2247D}.RelWithDebInfo|x64.ActiveCfg = RelWithDebInfo|x64
		{B2413FE1-C01D-3B1A-9F78-8D02E95BFD1F}.Debug|x64.ActiveCfg = Debug|x64
		{B2413FE1-C01D-3B1A-9F78-8D02E95BFD1F}.Release|x64.ActiveCfg = Release|x64
		{B2413FE1-C01D-3B1A-9F78-8D02E95BFD1F}.MinSizeRel|x64.ActiveCfg = MinSizeRel|x64
		{B2413FE1-C01D-3B1A-9F78-8D02E95BFD1F}.RelWithDebInfo|x64.ActiveCfg = RelWithDebInfo|x64
		{FA1E55AC-75C9-3FA5-85EF-DC4767C3F0CC}.Debug|x64.ActiveCfg = Debug|x64
		{FA1E55AC-75C9-3FA5-85EF-DC4767C3F0CC}.Debug|x64.Build.0 = Debug|x64
		{FA1E55AC-75C9-3FA5-85EF-DC4767C3F0CC}.Release|x64.ActiveCfg = Release|x64
		{FA1E55AC-75C9-3FA5-85EF-DC4767C3F0CC}.Release|x64.Build.0 = Release|x64
		{FA1E55AC-75C9-3FA5-85EF-DC4767C3F0CC}.MinSizeRel|x64.ActiveCfg = MinSizeRel|x64
		{FA1E55AC-75C9-3FA5-85EF-DC4767C3F0CC}.MinSizeRel|x64.Build.0 = MinSizeRel|x64
		{FA1E55AC-75C9-3FA5-85EF-DC4767C3F0CC}.RelWithDebInfo|x64.ActiveCfg = RelWithDebInfo|x64
		{FA1E55AC-75C9-3FA5-85EF-DC4767C3F0CC}.RelWithDebInfo|x64.Build.0 = RelWithDebInfo|x64
		{8A21E2B2-EE78-3603-B5E3-1F55056FC692}.Debug|x64.ActiveCfg = Debug|x64
		{8A21E2B2-EE78-3603-B5E3-1F55056FC692}.Debug|x64.Build.0 = Debug|x64
		{8A21E2B2-EE78-3603-B5E3-1F55056FC692}.Release|x64.ActiveCfg = Release|x64
		{8A21E2B2-EE78-3603-B5E3-1F55056FC692}.Release|x64.Build.0 = Release|x64
		{8A21E2B2-EE78-3603-B5E3-1F55056FC692}.MinSizeRel|x64.ActiveCfg = MinSizeRel|x64
		{8A21E2B2-EE78-3603-B5E3-1F55056FC692}.MinSizeRel|x64.Build.0 = MinSizeRel|x64
		{8A21E2B2-EE78-3603-B5E3-1F55056FC692}.RelWithDebInfo|x64.ActiveCfg = RelWithDebInfo|x64
		{8A21E2B2-EE78-3603-B5E3-1F55056FC692}.RelWithDebInfo|x64.Build.0 = RelWithDebInfo|x64
		{A550BCD1-1EA9-311F-87CA-DD08B9EA37A8}.Debug|x64.ActiveCfg = Debug|x64
		{A550BCD1-1EA9-311F-87CA-DD08B9EA37A8}.Debug|x64.Build.0 = Debug|x64
		{A550BCD1-1EA9-311F-87CA-DD08B9EA37A8}.Release|x64.ActiveCfg = Release|x64
		{A550BCD1-1EA9-311F-87CA-DD08B9EA37A8}.Release|x64.Build.0 = Release|x64
		{A550BCD1-1EA9-311F-87CA-DD08B9EA37A8}.MinSizeRel|x64.ActiveCfg = MinSizeRel|x64
		{A550BCD1-1EA9-311F-87CA-DD08B9EA37A8}.MinSizeRel|x64.Build.0 = MinSizeRel|x64
		{A550BCD1-1EA9-311F-87CA-DD08B9EA37A8}.RelWithDebInfo|x64.ActiveCfg = RelWithDebInfo|x64
		{A550BCD1-1EA9-311F-87CA-DD08B9EA37A8}.RelWithDebInfo|x64.Build.0 = RelWithDebInfo|x64
		{8AB129D3-7660-3FB3-BFB7-9B078E8C40F9}.Debug|x64.ActiveCfg = Debug|x64
		{8AB129D3-7660-3FB3-BFB7-9B078E8C40F9}.Debug|x64.Build.0 = Debug|x64
		{8AB129D3-7660-3FB3-BFB7-9B078E8C40F9}.Release|x64.ActiveCfg = Release|x64
		{8AB129D3-7660-3FB3-BFB7-9B078E8C40F9}.Release|x64.Build.0 = Release|x64
		{8AB129D3-7660-3FB3-BFB7-9B078E8C40F9}.MinSizeRel|x64.ActiveCfg = MinSizeRel|x64
		{8AB129D3-7660-3FB3-BFB7-9B078E8C40F9}.MinSizeRel|x64.Build.0 = MinSizeRel|x64
		{8AB129D3-7660-3FB3-BFB7-9B078E8C40F9}.RelWithDebInfo|x64.ActiveCfg = RelWithDebInfo|x64
		{8AB129D3-7660-3FB3-BFB7-9B078E8C40F9}.RelWithDebInfo|x64.Build.0 = RelWithDebInfo|x64
		{0B82DE55-F4CF-32D6-8370-769B36F9CF19}.Debug|x64.ActiveCfg = Debug|x64
		{0B82DE55-F4CF-32D6-8370-769B36F9CF19}.Debug|x64.Build.0 = Debug|x64
		{0B82DE55-F4CF-32D6-8370-769B36F9CF19}.Release|x64.ActiveCfg = Release|x64
		{0B82DE55-F4CF-32D6-8370-769B36F9CF19}.Release|x64.Build.0 = Release|x64
		{0B82DE55-F4CF-32D6-8370-769B36F9CF19}.MinSizeRel|x64.ActiveCfg = MinSizeRel|x64
		{0B82DE55-F4CF-32D6-8370-769B36F9CF19}.MinSizeRel|x64.Build.0 = MinSizeRel|x64
		{0B82DE55-F4CF-32D6-8370-769B36F9CF19}.RelWithDebInfo|x64.ActiveCfg = RelWithDebInfo|x64
		{0B82DE55-F4CF-32D6-8370-769B36F9CF19}.RelWithDebInfo|x64.Build.0 = RelWithDebInfo|x64
		{6D18468B-0C51-32BE-88D3-A76AB65B60BC}.Debug|x64.ActiveCfg = Debug|x64
		{6D18468B-0C51-32BE-88D3-A76AB65B60BC}.Debug|x64.Build.0 = Debug|x64
		{6D18468B-0C51-32BE-88D3-A76AB65B60BC}.Release|x64.ActiveCfg = Release|x64
		{6D18468B-0C51-32BE-88D3-A76AB65B60BC}.Release|x64.Build.0 = Release|x64
		{6D18468B-0C51-32BE-88D3-A76AB65B60BC}.MinSizeRel|x64.ActiveCfg = MinSizeRel|x64
		{6D18468B-0C51-32BE-88D3-A76AB65B60BC}.MinSizeRel|x64.Build.0 = MinSizeRel|x64
		{6D18468B-0C51-32BE-88D3-A76AB65B60BC}.RelWithDebInfo|x64.ActiveCfg = RelWithDebInfo|x64
		{6D18468B-0C51-32BE-88D3-A76AB65B60BC}.RelWithDebInfo|x64.Build.0 = RelWithDebInfo|x64
	EndGlobalSection
	GlobalSection(ExtensibilityGlobals) = postSolution
		SolutionGuid = {F5741C87-EAAC-37A5-8C68-823D86009FAF}
	EndGlobalSection
	GlobalSection(ExtensibilityAddIns) = postSolution
	EndGlobalSection
EndGlobal
