<?xml version="1.0" encoding="utf-8"?>
<Project ToolsVersion="16.0" xmlns="http://schemas.microsoft.com/developer/msbuild/2003">
  <ItemGroup>
    <CustomBuild Include="H:\lab2\CMakeFiles\2eec0cf791ed1304eedc0d8e1e9aceae\generate.stamp.rule">
      <Filter>CMake Rules</Filter>
    </CustomBuild>
  </ItemGroup>
  <ItemGroup>
    <Filter Include="CMake Rules">
      <UniqueIdentifier>{D3FC9403-E75F-31EF-A110-29A487CDFC34}</UniqueIdentifier>
    </Filter>
  </ItemGroup>
</Project>
